
Microsoft Visual Studio Solution File, Format Version 12.00
# Visual Studio Version 17
VisualStudioVersion = 17.13.35828.75 d17.13
MinimumVisualStudioVersion = 10.0.40219.1
Project("{FAE04EC0-301F-11D3-BF4B-00C04F79EFBC}") = "Task3", "Task3.csproj", "{13018191-4B81-4543-8E6B-8013B6AA0787}"
EndProject
Project("{FAE04EC0-301F-11D3-BF4B-00C04F79EFBC}") = "Task1", "..\Task1\Task1.csproj", "{21193733-0425-4CFE-9CEF-01AE3E7234FB}"
EndProject
Project("{FAE04EC0-301F-11D3-BF4B-00C04F79EFBC}") = "Task2", "..\Task2\Task2.csproj", "{61E4315D-D73C-4082-83A2-369D02B0D24F}"
EndProject
Project("{FAE04EC0-301F-11D3-BF4B-00C04F79EFBC}") = "Task 4", "..\Task 4\Task 4.csproj", "{0708B604-20D1-4C9F-A25D-2C85D84D3900}"
EndProject
Project("{FAE04EC0-301F-11D3-BF4B-00C04F79EFBC}") = "Activity1", "..\Activity1\Activity1.csproj", "{88C96743-2D66-4D97-B649-0880976428AB}"
EndProject
Project("{FAE04EC0-301F-11D3-BF4B-00C04F79EFBC}") = "WpfApp1", "..\WpfApp1\WpfApp1.csproj", "{6E24953E-369D-43B1-819F-C428F8A14586}"
EndProject
Global
	GlobalSection(SolutionConfigurationPlatforms) = preSolution
		Debug|Any CPU = Debug|Any CPU
		Release|Any CPU = Release|Any CPU
	EndGlobalSection
	GlobalSection(ProjectConfigurationPlatforms) = postSolution
		{13018191-4B81-4543-8E6B-8013B6AA0787}.Debug|Any CPU.ActiveCfg = Debug|Any CPU
		{13018191-4B81-4543-8E6B-8013B6AA0787}.Debug|Any CPU.Build.0 = Debug|Any CPU
		{13018191-4B81-4543-8E6B-8013B6AA0787}.Release|Any CPU.ActiveCfg = Release|Any CPU
		{13018191-4B81-4543-8E6B-8013B6AA0787}.Release|Any CPU.Build.0 = Release|Any CPU
		{21193733-0425-4CFE-9CEF-01AE3E7234FB}.Debug|Any CPU.ActiveCfg = Debug|Any CPU
		{21193733-0425-4CFE-9CEF-01AE3E7234FB}.Debug|Any CPU.Build.0 = Debug|Any CPU
		{21193733-0425-4CFE-9CEF-01AE3E7234FB}.Release|Any CPU.ActiveCfg = Release|Any CPU
		{21193733-0425-4CFE-9CEF-01AE3E7234FB}.Release|Any CPU.Build.0 = Release|Any CPU
		{61E4315D-D73C-4082-83A2-369D02B0D24F}.Debug|Any CPU.ActiveCfg = Debug|Any CPU
		{61E4315D-D73C-4082-83A2-369D02B0D24F}.Debug|Any CPU.Build.0 = Debug|Any CPU
		{61E4315D-D73C-4082-83A2-369D02B0D24F}.Release|Any CPU.ActiveCfg = Release|Any CPU
		{61E4315D-D73C-4082-83A2-369D02B0D24F}.Release|Any CPU.Build.0 = Release|Any CPU
		{0708B604-20D1-4C9F-A25D-2C85D84D3900}.Debug|Any CPU.ActiveCfg = Debug|Any CPU
		{0708B604-20D1-4C9F-A25D-2C85D84D3900}.Debug|Any CPU.Build.0 = Debug|Any CPU
		{0708B604-20D1-4C9F-A25D-2C85D84D3900}.Release|Any CPU.ActiveCfg = Release|Any CPU
		{0708B604-20D1-4C9F-A25D-2C85D84D3900}.Release|Any CPU.Build.0 = Release|Any CPU
		{88C96743-2D66-4D97-B649-0880976428AB}.Debug|Any CPU.ActiveCfg = Debug|Any CPU
		{88C96743-2D66-4D97-B649-0880976428AB}.Debug|Any CPU.Build.0 = Debug|Any CPU
		{88C96743-2D66-4D97-B649-0880976428AB}.Release|Any CPU.ActiveCfg = Release|Any CPU
		{88C96743-2D66-4D97-B649-0880976428AB}.Release|Any CPU.Build.0 = Release|Any CPU
		{6E24953E-369D-43B1-819F-C428F8A14586}.Debug|Any CPU.ActiveCfg = Debug|Any CPU
		{6E24953E-369D-43B1-819F-C428F8A14586}.Debug|Any CPU.Build.0 = Debug|Any CPU
		{6E24953E-369D-43B1-819F-C428F8A14586}.Release|Any CPU.ActiveCfg = Release|Any CPU
		{6E24953E-369D-43B1-819F-C428F8A14586}.Release|Any CPU.Build.0 = Release|Any CPU
	EndGlobalSection
	GlobalSection(SolutionProperties) = preSolution
		HideSolutionNode = FALSE
	EndGlobalSection
	GlobalSection(ExtensibilityGlobals) = postSolution
		SolutionGuid = {002F5924-4519-4B2C-80F5-3748859A2B3B}
	EndGlobalSection
EndGlobal
